PODS:
  - DarklyEventSource (3.0.0)
  - LaunchDarkly (2.5.1):
    - LaunchDarkly/Core (= 2.5.1)
  - LaunchDarkly/Core (2.5.1):
    - DarklyEventSource (~> 3.0.0)

DEPENDENCIES:
  - LaunchDarkly

SPEC CHECKSUMS:
  DarklyEventSource: e8ddf05b2098da7fd3acc60dc14e230df4fce311
  LaunchDarkly: 7faea0bff9cb8e4c3de184ced8764240a50e49ce

PODFILE CHECKSUM: 444b6940eb6a2eaef25b7e7aaab77c571710c738

COCOAPODS: 1.2.1
