PODS:
  - DarklyEventSource (3.2.0)
  - LaunchDarkly (2.11.0):
    - LaunchDarkly/Core (= 2.11.0)
  - LaunchDarkly/Core (2.11.0):
    - DarklyEventSource

DEPENDENCIES:
  - LaunchDarkly (= 2.11.0)

SPEC CHECKSUMS:
  DarklyEventSource: ad6a75c82b22bea91c75fc980a563f6d2902ce90
  LaunchDarkly: 486c13c059e20fe055d37b03067615380bd457f3

PODFILE CHECKSUM: cda00eda4fb738c98f6699792577fc93c3618656

COCOAPODS: 1.4.0
