{
  "pins" : [
    {
      "identity" : "ios-client-sdk",
      "kind" : "remoteSourceControl",
      "location" : "https://github.com/launchdarkly/ios-client-sdk.git",
      "state" : {
        "revision" : "cbf4b7311ff12cc109d5e5cebb81554802262d91",
        "version" : "8.1.0"
      }
    },
    {
      "identity" : "swift-eventsource",
      "kind" : "remoteSourceControl",
      "location" : "https://github.com/LaunchDarkly/swift-eventsource.git",
      "state" : {
        "revision" : "f50e92d27a33e47acb0f9d61adfcd526c63fd7b4",
        "version" : "3.1.0"
      }
    }
  ],
  "version" : 2
}
