{
  "pins" : [
    {
      "identity" : "ios-client-sdk",
      "kind" : "remoteSourceControl",
      "location" : "https://github.com/launchdarkly/ios-client-sdk.git",
      "state" : {
        "revision" : "e4f439c7714f629bdbb5234bb9c06473bb7d0716",
        "version" : "11.3.0"
      }
    },
    {
      "identity" : "swift-eventsource",
      "kind" : "remoteSourceControl",
      "location" : "https://github.com/LaunchDarkly/swift-eventsource.git",
      "state" : {
        "revision" : "57051701c58a93603ffa2051f8e9cf0c8cff7814",
        "version" : "3.3.0"
      }
    }
  ],
  "version" : 3
}
