{
  "originHash" : "5dfcdeb61541ed6a3b745c9c3541a4c3b2417a1d63a7ab81046871a35c646347",
  "pins" : [
    {
      "identity" : "ios-client-sdk",
      "kind" : "remoteSourceControl",
      "location" : "https://github.com/launchdarkly/ios-client-sdk.git",
      "state" : {
        "revision" : "a71c356ffb8fc45ff352bddcdf13390128fd40c9",
        "version" : "9.6.2"
      }
    },
    {
      "identity" : "swift-eventsource",
      "kind" : "remoteSourceControl",
      "location" : "https://github.com/LaunchDarkly/swift-eventsource.git",
      "state" : {
        "revision" : "3d45eacab476f9bb2c58662cfb2d35088140b25b",
        "version" : "3.1.1"
      }
    }
  ],
  "version" : 3
}
